// !$*UTF8*$!
{
	archiveVersion = 1;
	classes = {
	};
	objectVersion = 77;
	objects = {

/* Begin PBXBuildFile section */
		D11995C52FF3999200C9EAF2 /* CameraService.swift in Sources */ = {isa = PBXBuildFile; fileRef = D11995C42FF3999200C9EAF2 /* CameraService.swift */; };
		D11995C72FF399AE00C9EAF2 /* CameraPreviewView.swift in Sources */ = {isa = PBXBuildFile; fileRef = D11995C62FF399AE00C9EAF2 /* CameraPreviewView.swift */; };
		D11995C92FF399B600C9EAF2 /* ProductRecognitionService.swift in Sources */ = {isa = PBXBuildFile; fileRef = D11995C82FF399B600C9EAF2 /* ProductRecognitionService.swift */; };
		D11995CB2FF399E100C9EAF2 /* CameraViewModel.swift in Sources */ = {isa = PBXBuildFile; fileRef = D11995CA2FF399E100C9EAF2 /* CameraViewModel.swift */; };
		D12B90982FF2FCC800531ECE /* CameraView.swift in Sources */ = {isa = PBXBuildFile; fileRef = D12B90972FF2FCC800531ECE /* CameraView.swift */; };
		D12B909A2FF2FDCD00531ECE /* WayTaskDesignSystem.swift in Sources */ = {isa = PBXBuildFile; fileRef = D12B90992FF2FDCD00531ECE /* WayTaskDesignSystem.swift */; };
		D1954DE62FF3C40D00E946DA /* MapViewModel.swift in Sources */ = {isa = PBXBuildFile; fileRef = D1954DE52FF3C40D00E946DA /* MapViewModel.swift */; };
		D1954DE82FF3C40E00E946DA /* StoreAnnotation.swift in Sources */ = {isa = PBXBuildFile; fileRef = D1954DE72FF3C40E00E946DA /* StoreAnnotation.swift */; };
		D1954DEA2FF3C40E00E946DA /* ProductAnnotation.swift in Sources */ = {isa = PBXBuildFile; fileRef = D1954DE92FF3C40E00E946DA /* ProductAnnotation.swift */; };
		D1954DEC2FF3C45900E946DA /* WayTaskMapView.swift in Sources */ = {isa = PBXBuildFile; fileRef = D1954DEB2FF3C45900E946DA /* WayTaskMapView.swift */; };
		D1954DEE2FF3C45A00E946DA /* MapFilterBar.swift in Sources */ = {isa = PBXBuildFile; fileRef = D1954DED2FF3C45A00E946DA /* MapFilterBar.swift */; };
		D1954DF02FF3C45A00E946DA /* MapControls.swift in Sources */ = {isa = PBXBuildFile; fileRef = D1954DEF2FF3C45A00E946DA /* MapControls.swift */; };
		D1954DF22FF3C45B00E946DA /* MapBottomSheet.swift in Sources */ = {isa = PBXBuildFile; fileRef = D1954DF12FF3C45B00E946DA /* MapBottomSheet.swift */; };
		D1954DF42FF3CCF800E946DA /* StoreSearchService.swift in Sources */ = {isa = PBXBuildFile; fileRef = D1954DF32FF3CCF800E946DA /* StoreSearchService.swift */; };
		D1954DF62FF59EE800E946DA /* ShoppingMission.swift in Sources */ = {isa = PBXBuildFile; fileRef = D1954DF52FF59EE800E946DA /* ShoppingMission.swift */; };
		D1954DF82FF59EE800E946DA /* ShoppingContext.swift in Sources */ = {isa = PBXBuildFile; fileRef = D1954DF72FF59EE800E946DA /* ShoppingContext.swift */; };
		D1954DFA2FF59EE900E946DA /* DecisionEngine.swift in Sources */ = {isa = PBXBuildFile; fileRef = D1954DF92FF59EE900E946DA /* DecisionEngine.swift */; };
		D1954DFC2FF5A2A200E946DA /* DiscoverItem.swift in Sources */ = {isa = PBXBuildFile; fileRef = D1954DFB2FF5A2A200E946DA /* DiscoverItem.swift */; };
		D1954DFE2FF5A2A300E946DA /* DiscoverViewModel.swift in Sources */ = {isa = PBXBuildFile; fileRef = D1954DFD2FF5A2A300E946DA /* DiscoverViewModel.swift */; };
		D1954E002FF5A2BF00E946DA /* DiscoverView.swift in Sources */ = {isa = PBXBuildFile; fileRef = D1954DFF2FF5A2BF00E946DA /* DiscoverView.swift */; };
		D1954E022FF5ACBC00E946DA /* ProductCandidate.swift in Sources */ = {isa = PBXBuildFile; fileRef = D1954E012FF5ACBC00E946DA /* ProductCandidate.swift */; };
		D1954E042FF5ACBC00E946DA /* RecognitionResult.swift in Sources */ = {isa = PBXBuildFile; fileRef = D1954E032FF5ACBC00E946DA /* RecognitionResult.swift */; };
		D1954E062FF5B07400E946DA /* DataSourceType.swift in Sources */ = {isa = PBXBuildFile; fileRef = D1954E052FF5B07400E946DA /* DataSourceType.swift */; };
		D1954E082FF5B07500E946DA /* DataProvider.swift in Sources */ = {isa = PBXBuildFile; fileRef = D1954E072FF5B07500E946DA /* DataProvider.swift */; };
		D1954E0A2FF5B07600E946DA /* StoreDataProvider.swift in Sources */ = {isa = PBXBuildFile; fileRef = D1954E092FF5B07600E946DA /* StoreDataProvider.swift */; };
		D1954E0C2FF5B07600E946DA /* ProductDataProvider.swift in Sources */ = {isa = PBXBuildFile; fileRef = D1954E0B2FF5B07600E946DA /* ProductDataProvider.swift */; };
		D1954E0E2FF5B08700E946DA /* LocalStoreDataProvider.swift in Sources */ = {isa = PBXBuildFile; fileRef = D1954E0D2FF5B08700E946DA /* LocalStoreDataProvider.swift */; };
		D1954E102FF64C3300E946DA /* BarcodeResult.swift in Sources */ = {isa = PBXBuildFile; fileRef = D1954E0F2FF64C3300E946DA /* BarcodeResult.swift */; };
		D1954E122FF6559B00E946DA /* OpenFoodFactsProvider.swift in Sources */ = {isa = PBXBuildFile; fileRef = D1954E112FF6559B00E946DA /* OpenFoodFactsProvider.swift */; };
		D1954E142FF6590000E946DA /* ProductSource.swift in Sources */ = {isa = PBXBuildFile; fileRef = D1954E132FF6590000E946DA /* ProductSource.swift */; };
		D1954E162FF6590100E946DA /* ShoppingListService.swift in Sources */ = {isa = PBXBuildFile; fileRef = D1954E152FF6590100E946DA /* ShoppingListService.swift */; };
		D1B8519B2FF18FF50083B34C /* ProductListView.swift in Sources */ = {isa = PBXBuildFile; fileRef = D1B8519A2FF18FF50083B34C /* ProductListView.swift */; };
/* End PBXBuildFile section */

/* Begin PBXFileReference section */
		D11995C42FF3999200C9EAF2 /* CameraService.swift */ = {isa = PBXFileReference; lastKnownFileType = sourcecode.swift; path = CameraService.swift; sourceTree = "<group>"; };
		D11995C62FF399AE00C9EAF2 /* CameraPreviewView.swift */ = {isa = PBXFileReference; lastKnownFileType = sourcecode.swift; path = CameraPreviewView.swift; sourceTree = "<group>"; };
		D11995C82FF399B600C9EAF2 /* ProductRecognitionService.swift */ = {isa = PBXFileReference; lastKnownFileType = sourcecode.swift; path = ProductRecognitionService.swift; sourceTree = "<group>"; };
		D11995CA2FF399E100C9EAF2 /* CameraViewModel.swift */ = {isa = PBXFileReference; lastKnownFileType = sourcecode.swift; path = CameraViewModel.swift; sourceTree = "<group>"; };
		D12B90972FF2FCC800531ECE /* CameraView.swift */ = {isa = PBXFileReference; lastKnownFileType = sourcecode.swift; path = CameraView.swift; sourceTree = "<group>"; };
		D12B90992FF2FDCD00531ECE /* WayTaskDesignSystem.swift */ = {isa = PBXFileReference; lastKnownFileType = sourcecode.swift; path = WayTaskDesignSystem.swift; sourceTree = "<group>"; };
		D1954DE52FF3C40D00E946DA /* MapViewModel.swift */ = {isa = PBXFileReference; lastKnownFileType = sourcecode.swift; path = MapViewModel.swift; sourceTree = "<group>"; };
		D1954DE72FF3C40E00E946DA /* StoreAnnotation.swift */ = {isa = PBXFileReference; lastKnownFileType = sourcecode.swift; path = StoreAnnotation.swift; sourceTree = "<group>"; };
		D1954DE92FF3C40E00E946DA /* ProductAnnotation.swift */ = {isa = PBXFileReference; lastKnownFileType = sourcecode.swift; path = ProductAnnotation.swift; sourceTree = "<group>"; };
		D1954DEB2FF3C45900E946DA /* WayTaskMapView.swift */ = {isa = PBXFileReference; lastKnownFileType = sourcecode.swift; path = WayTaskMapView.swift; sourceTree = "<group>"; };
		D1954DED2FF3C45A00E946DA /* MapFilterBar.swift */ = {isa = PBXFileReference; lastKnownFileType = sourcecode.swift; path = MapFilterBar.swift; sourceTree = "<group>"; };
		D1954DEF2FF3C45A00E946DA /* MapControls.swift */ = {isa = PBXFileReference; lastKnownFileType = sourcecode.swift; path = MapControls.swift; sourceTree = "<group>"; };
		D1954DF12FF3C45B00E946DA /* MapBottomSheet.swift */ = {isa = PBXFileReference; lastKnownFileType = sourcecode.swift; path = MapBottomSheet.swift; sourceTree = "<group>"; };
		D1954DF32FF3CCF800E946DA /* StoreSearchService.swift */ = {isa = PBXFileReference; lastKnownFileType = sourcecode.swift; path = StoreSearchService.swift; sourceTree = "<group>"; };
		D1954DF52FF59EE800E946DA /* ShoppingMission.swift */ = {isa = PBXFileReference; lastKnownFileType = sourcecode.swift; path = ShoppingMission.swift; sourceTree = "<group>"; };
		D1954DF72FF59EE800E946DA /* ShoppingContext.swift */ = {isa = PBXFileReference; lastKnownFileType = sourcecode.swift; path = ShoppingContext.swift; sourceTree = "<group>"; };
		D1954DF92FF59EE900E946DA /* DecisionEngine.swift */ = {isa = PBXFileReference; lastKnownFileType = sourcecode.swift; path = DecisionEngine.swift; sourceTree = "<group>"; };
		D1954DFB2FF5A2A200E946DA /* DiscoverItem.swift */ = {isa = PBXFileReference; lastKnownFileType = sourcecode.swift; path = DiscoverItem.swift; sourceTree = "<group>"; };
		D1954DFD2FF5A2A300E946DA /* DiscoverViewModel.swift */ = {isa = PBXFileReference; lastKnownFileType = sourcecode.swift; path = DiscoverViewModel.swift; sourceTree = "<group>"; };
		D1954DFF2FF5A2BF00E946DA /* DiscoverView.swift */ = {isa = PBXFileReference; lastKnownFileType = sourcecode.swift; path = DiscoverView.swift; sourceTree = "<group>"; };
		D1954E012FF5ACBC00E946DA /* ProductCandidate.swift */ = {isa = PBXFileReference; lastKnownFileType = sourcecode.swift; path = ProductCandidate.swift; sourceTree = "<group>"; };
		D1954E032FF5ACBC00E946DA /* RecognitionResult.swift */ = {isa = PBXFileReference; lastKnownFileType = sourcecode.swift; path = RecognitionResult.swift; sourceTree = "<group>"; };
		D1954E052FF5B07400E946DA /* DataSourceType.swift */ = {isa = PBXFileReference; lastKnownFileType = sourcecode.swift; path = DataSourceType.swift; sourceTree = "<group>"; };
		D1954E072FF5B07500E946DA /* DataProvider.swift */ = {isa = PBXFileReference; lastKnownFileType = sourcecode.swift; path = DataProvider.swift; sourceTree = "<group>"; };
		D1954E092FF5B07600E946DA /* StoreDataProvider.swift */ = {isa = PBXFileReference; lastKnownFileType = sourcecode.swift; path = StoreDataProvider.swift; sourceTree = "<group>"; };
		D1954E0B2FF5B07600E946DA /* ProductDataProvider.swift */ = {isa = PBXFileReference; lastKnownFileType = sourcecode.swift; path = ProductDataProvider.swift; sourceTree = "<group>"; };
		D1954E0D2FF5B08700E946DA /* LocalStoreDataProvider.swift */ = {isa = PBXFileReference; lastKnownFileType = sourcecode.swift; path = LocalStoreDataProvider.swift; sourceTree = "<group>"; };
		D1954E0F2FF64C3300E946DA /* BarcodeResult.swift */ = {isa = PBXFileReference; lastKnownFileType = sourcecode.swift; path = BarcodeResult.swift; sourceTree = "<group>"; };
		D1954E112FF6559B00E946DA /* OpenFoodFactsProvider.swift */ = {isa = PBXFileReference; lastKnownFileType = sourcecode.swift; path = OpenFoodFactsProvider.swift; sourceTree = "<group>"; };
		D1954E132FF6590000E946DA /* ProductSource.swift */ = {isa = PBXFileReference; lastKnownFileType = sourcecode.swift; path = ProductSource.swift; sourceTree = "<group>"; };
		D1954E152FF6590100E946DA /* ShoppingListService.swift */ = {isa = PBXFileReference; lastKnownFileType = sourcecode.swift; path = ShoppingListService.swift; sourceTree = "<group>"; };
		D1B8517E2FEFF2F40083B34C /* WayTask.app */ = {isa = PBXFileReference; explicitFileType = wrapper.application; includeInIndex = 0; path = WayTask.app; sourceTree = BUILT_PRODUCTS_DIR; };
		D1B8519A2FF18FF50083B34C /* ProductListView.swift */ = {isa = PBXFileReference; lastKnownFileType = sourcecode.swift; path = ProductListView.swift; sourceTree = "<group>"; };
/* End PBXFileReference section */

/* Begin PBXFileSystemSynchronizedBuildFileExceptionSet section */
		D11995C32FF3983500C9EAF2 /* Exceptions for "WayTask" folder in "WayTask" target */ = {
			isa = PBXFileSystemSynchronizedBuildFileExceptionSet;
			membershipExceptions = (
				Info.plist,
			);
			target = D1B8517D2FEFF2F40083B34C /* WayTask */;
		};
/* End PBXFileSystemSynchronizedBuildFileExceptionSet section */

/* Begin PBXFileSystemSynchronizedRootGroup section */
		D1B851802FEFF2F40083B34C /* WayTask */ = {
			isa = PBXFileSystemSynchronizedRootGroup;
			exceptions = (
				D11995C32FF3983500C9EAF2 /* Exceptions for "WayTask" folder in "WayTask" target */,
			);
			path = WayTask;
			sourceTree = "<group>";
		};
/* End PBXFileSystemSynchronizedRootGroup section */

/* Begin PBXFrameworksBuildPhase section */
		D1B8517B2FEFF2F40083B34C /* Frameworks */ = {
			isa = PBXFrameworksBuildPhase;
			buildActionMask = 2147483647;
			files = (
			);
			runOnlyForDeploymentPostprocessing = 0;
		};
/* End PBXFrameworksBuildPhase section */

/* Begin PBXGroup section */
		D1B851752FEFF2F40083B34C = {
			isa = PBXGroup;
			children = (
				D1B851802FEFF2F40083B34C /* WayTask */,
				D1B8517F2FEFF2F40083B34C /* Products */,
				D1B8519A2FF18FF50083B34C /* ProductListView.swift */,
				D12B90972FF2FCC800531ECE /* CameraView.swift */,
				D12B90992FF2FDCD00531ECE /* WayTaskDesignSystem.swift */,
				D11995C42FF3999200C9EAF2 /* CameraService.swift */,
				D11995C62FF399AE00C9EAF2 /* CameraPreviewView.swift */,
				D11995C82FF399B600C9EAF2 /* ProductRecognitionService.swift */,
				D11995CA2FF399E100C9EAF2 /* CameraViewModel.swift */,
				D1954DE52FF3C40D00E946DA /* MapViewModel.swift */,
				D1954DE72FF3C40E00E946DA /* StoreAnnotation.swift */,
				D1954DE92FF3C40E00E946DA /* ProductAnnotation.swift */,
				D1954DEB2FF3C45900E946DA /* WayTaskMapView.swift */,
				D1954DED2FF3C45A00E946DA /* MapFilterBar.swift */,
				D1954DEF2FF3C45A00E946DA /* MapControls.swift */,
				D1954DF12FF3C45B00E946DA /* MapBottomSheet.swift */,
				D1954DF32FF3CCF800E946DA /* StoreSearchService.swift */,
				D1954DF52FF59EE800E946DA /* ShoppingMission.swift */,
				D1954DF72FF59EE800E946DA /* ShoppingContext.swift */,
				D1954DF92FF59EE900E946DA /* DecisionEngine.swift */,
				D1954DFB2FF5A2A200E946DA /* DiscoverItem.swift */,
				D1954DFD2FF5A2A300E946DA /* DiscoverViewModel.swift */,
				D1954DFF2FF5A2BF00E946DA /* DiscoverView.swift */,
				D1954E012FF5ACBC00E946DA /* ProductCandidate.swift */,
				D1954E032FF5ACBC00E946DA /* RecognitionResult.swift */,
				D1954E052FF5B07400E946DA /* DataSourceType.swift */,
				D1954E072FF5B07500E946DA /* DataProvider.swift */,
				D1954E092FF5B07600E946DA /* StoreDataProvider.swift */,
				D1954E0B2FF5B07600E946DA /* ProductDataProvider.swift */,
				D1954E0D2FF5B08700E946DA /* LocalStoreDataProvider.swift */,
				D1954E0F2FF64C3300E946DA /* BarcodeResult.swift */,
				D1954E112FF6559B00E946DA /* OpenFoodFactsProvider.swift */,
				D1954E132FF6590000E946DA /* ProductSource.swift */,
				D1954E152FF6590100E946DA /* ShoppingListService.swift */,
			);
			sourceTree = "<group>";
		};
		D1B8517F2FEFF2F40083B34C /* Products */ = {
			isa = PBXGroup;
			children = (
				D1B8517E2FEFF2F40083B34C /* WayTask.app */,
			);
			name = Products;
			sourceTree = "<group>";
		};
/* End PBXGroup section */

/* Begin PBXNativeTarget section */
		D1B8517D2FEFF2F40083B34C /* WayTask */ = {
			isa = PBXNativeTarget;
			buildConfigurationList = D1B851892FEFF2F50083B34C /* Build configuration list for PBXNativeTarget "WayTask" */;
			buildPhases = (
				D1B8517A2FEFF2F40083B34C /* Sources */,
				D1B8517B2FEFF2F40083B34C /* Frameworks */,
				D1B8517C2FEFF2F40083B34C /* Resources */,
			);
			buildRules = (
			);
			dependencies = (
			);
			fileSystemSynchronizedGroups = (
				D1B851802FEFF2F40083B34C /* WayTask */,
			);
			name = WayTask;
			packageProductDependencies = (
			);
			productName = WayTask;
			productReference = D1B8517E2FEFF2F40083B34C /* WayTask.app */;
			productType = "com.apple.product-type.application";
		};
/* End PBXNativeTarget section */

/* Begin PBXProject section */
		D1B851762FEFF2F40083B34C /* Project object */ = {
			isa = PBXProject;
			attributes = {
				BuildIndependentTargetsInParallel = 1;
				LastSwiftUpdateCheck = 2650;
				LastUpgradeCheck = 2650;
				TargetAttributes = {
					D1B8517D2FEFF2F40083B34C = {
						CreatedOnToolsVersion = 26.5;
					};
				};
			};
			buildConfigurationList = D1B851792FEFF2F40083B34C /* Build configuration list for PBXProject "WayTask" */;
			developmentRegion = en;
			hasScannedForEncodings = 0;
			knownRegions = (
				en,
				Base,
			);
			mainGroup = D1B851752FEFF2F40083B34C;
			minimizedProjectReferenceProxies = 1;
			preferredProjectObjectVersion = 77;
			productRefGroup = D1B8517F2FEFF2F40083B34C /* Products */;
			projectDirPath = "";
			projectRoot = "";
			targets = (
				D1B8517D2FEFF2F40083B34C /* WayTask */,
			);
		};
/* End PBXProject section */

/* Begin PBXResourcesBuildPhase section */
		D1B8517C2FEFF2F40083B34C /* Resources */ = {
			isa = PBXResourcesBuildPhase;
			buildActionMask = 2147483647;
			files = (
			);
			runOnlyForDeploymentPostprocessing = 0;
		};
/* End PBXResourcesBuildPhase section */

/* Begin PBXSourcesBuildPhase section */
		D1B8517A2FEFF2F40083B34C /* Sources */ = {
			isa = PBXSourcesBuildPhase;
			buildActionMask = 2147483647;
			files = (
				D11995C52FF3999200C9EAF2 /* CameraService.swift in Sources */,
				D12B90982FF2FCC800531ECE /* CameraView.swift in Sources */,
				D1954DFA2FF59EE900E946DA /* DecisionEngine.swift in Sources */,
				D1954E102FF64C3300E946DA /* BarcodeResult.swift in Sources */,
				D1954E062FF5B07400E946DA /* DataSourceType.swift in Sources */,
				D1954DEC2FF3C45900E946DA /* WayTaskMapView.swift in Sources */,
				D1954E142FF6590000E946DA /* ProductSource.swift in Sources */,
				D1954E042FF5ACBC00E946DA /* RecognitionResult.swift in Sources */,
				D1954DF82FF59EE800E946DA /* ShoppingContext.swift in Sources */,
				D1954E162FF6590100E946DA /* ShoppingListService.swift in Sources */,
				D1954E0C2FF5B07600E946DA /* ProductDataProvider.swift in Sources */,
				D1954E002FF5A2BF00E946DA /* DiscoverView.swift in Sources */,
				D1954DE82FF3C40E00E946DA /* StoreAnnotation.swift in Sources */,
				D1954DF02FF3C45A00E946DA /* MapControls.swift in Sources */,
				D1954DFC2FF5A2A200E946DA /* DiscoverItem.swift in Sources */,
				D1954DEE2FF3C45A00E946DA /* MapFilterBar.swift in Sources */,
				D1954E082FF5B07500E946DA /* DataProvider.swift in Sources */,
				D1954E0E2FF5B08700E946DA /* LocalStoreDataProvider.swift in Sources */,
				D12B909A2FF2FDCD00531ECE /* WayTaskDesignSystem.swift in Sources */,
				D11995C92FF399B600C9EAF2 /* ProductRecognitionService.swift in Sources */,
				D1954E0A2FF5B07600E946DA /* StoreDataProvider.swift in Sources */,
				D1954DE62FF3C40D00E946DA /* MapViewModel.swift in Sources */,
				D1954DEA2FF3C40E00E946DA /* ProductAnnotation.swift in Sources */,
				D11995C72FF399AE00C9EAF2 /* CameraPreviewView.swift in Sources */,
				D1954E022FF5ACBC00E946DA /* ProductCandidate.swift in Sources */,
				D1954DFE2FF5A2A300E946DA /* DiscoverViewModel.swift in Sources */,
				D11995CB2FF399E100C9EAF2 /* CameraViewModel.swift in Sources */,
				D1954DF22FF3C45B00E946DA /* MapBottomSheet.swift in Sources */,
				D1B8519B2FF18FF50083B34C /* ProductListView.swift in Sources */,
				D1954DF62FF59EE800E946DA /* ShoppingMission.swift in Sources */,
				D1954E122FF6559B00E946DA /* OpenFoodFactsProvider.swift in Sources */,
				D1954DF42FF3CCF800E946DA /* StoreSearchService.swift in Sources */,
			);
			runOnlyForDeploymentPostprocessing = 0;
		};
/* End PBXSourcesBuildPhase section */

/* Begin XCBuildConfiguration section */
		D1B851872FEFF2F50083B34C /* Debug */ = {
			isa = XCBuildConfiguration;
			buildSettings = {
				ALWAYS_SEARCH_USER_PATHS = NO;
				ASSETCATALOG_COMPILER_GENERATE_SWIFT_ASSET_SYMBOL_EXTENSIONS = YES;
				CLANG_ANALYZER_NONNULL = YES;
				CLANG_ANALYZER_NUMBER_OBJECT_CONVERSION = YES_AGGRESSIVE;
				CLANG_CXX_LANGUAGE_STANDARD = "gnu++20";
				CLANG_ENABLE_MODULES = YES;
				CLANG_ENABLE_OBJC_ARC = YES;
				CLANG_ENABLE_OBJC_WEAK = YES;
				CLANG_WARN_BLOCK_CAPTURE_AUTORELEASING = YES;
				CLANG_WARN_BOOL_CONVERSION = YES;
				CLANG_WARN_COMMA = YES;
				CLANG_WARN_CONSTANT_CONVERSION = YES;
				CLANG_WARN_DEPRECATED_OBJC_IMPLEMENTATIONS = YES;
				CLANG_WARN_DIRECT_OBJC_ISA_USAGE = YES_ERROR;
				CLANG_WARN_DOCUMENTATION_COMMENTS = YES;
				CLANG_WARN_EMPTY_BODY = YES;
				CLANG_WARN_ENUM_CONVERSION = YES;
				CLANG_WARN_INFINITE_RECURSION = YES;
				CLANG_WARN_INT_CONVERSION = YES;
				CLANG_WARN_NON_LITERAL_NULL_CONVERSION = YES;
				CLANG_WARN_OBJC_IMPLICIT_RETAIN_SELF = YES;
				CLANG_WARN_OBJC_LITERAL_CONVERSION = YES;
				CLANG_WARN_OBJC_ROOT_CLASS = YES_ERROR;
				CLANG_WARN_QUOTED_INCLUDE_IN_FRAMEWORK_HEADER = YES;
				CLANG_WARN_RANGE_LOOP_ANALYSIS = YES;
				CLANG_WARN_STRICT_PROTOTYPES = YES;
				CLANG_WARN_SUSPICIOUS_MOVE = YES;
				CLANG_WARN_UNGUARDED_AVAILABILITY = YES_AGGRESSIVE;
				CLANG_WARN_UNREACHABLE_CODE = YES;
				CLANG_WARN__DUPLICATE_METHOD_MATCH = YES;
				COPY_PHASE_STRIP = NO;
				DEBUG_INFORMATION_FORMAT = dwarf;
				ENABLE_STRICT_OBJC_MSGSEND = YES;
				ENABLE_TESTABILITY = YES;
				ENABLE_USER_SCRIPT_SANDBOXING = YES;
				GCC_C_LANGUAGE_STANDARD = gnu17;
				GCC_DYNAMIC_NO_PIC = NO;
				GCC_NO_COMMON_BLOCKS = YES;
				GCC_OPTIMIZATION_LEVEL = 0;
				GCC_PREPROCESSOR_DEFINITIONS = (
					"DEBUG=1",
					"$(inherited)",
				);
				GCC_WARN_64_TO_32_BIT_CONVERSION = YES;
				GCC_WARN_ABOUT_RETURN_TYPE = YES_ERROR;
				GCC_WARN_UNDECLARED_SELECTOR = YES;
				GCC_WARN_UNINITIALIZED_AUTOS = YES_AGGRESSIVE;
				GCC_WARN_UNUSED_FUNCTION = YES;
				GCC_WARN_UNUSED_VARIABLE = YES;
				IPHONEOS_DEPLOYMENT_TARGET = 26.5;
				LOCALIZATION_PREFERS_STRING_CATALOGS = YES;
				MTL_ENABLE_DEBUG_INFO = INCLUDE_SOURCE;
				MTL_FAST_MATH = YES;
				ONLY_ACTIVE_ARCH = YES;
				SDKROOT = iphoneos;
				SWIFT_ACTIVE_COMPILATION_CONDITIONS = "DEBUG $(inherited)";
				SWIFT_OPTIMIZATION_LEVEL = "-Onone";
			};
			name = Debug;
		};
		D1B851882FEFF2F50083B34C /* Release */ = {
			isa = XCBuildConfiguration;
			buildSettings = {
				ALWAYS_SEARCH_USER_PATHS = NO;
				ASSETCATALOG_COMPILER_GENERATE_SWIFT_ASSET_SYMBOL_EXTENSIONS = YES;
				CLANG_ANALYZER_NONNULL = YES;
				CLANG_ANALYZER_NUMBER_OBJECT_CONVERSION = YES_AGGRESSIVE;
				CLANG_CXX_LANGUAGE_STANDARD = "gnu++20";
				CLANG_ENABLE_MODULES = YES;
				CLANG_ENABLE_OBJC_ARC = YES;
				CLANG_ENABLE_OBJC_WEAK = YES;
				CLANG_WARN_BLOCK_CAPTURE_AUTORELEASING = YES;
				CLANG_WARN_BOOL_CONVERSION = YES;
				CLANG_WARN_COMMA = YES;
				CLANG_WARN_CONSTANT_CONVERSION = YES;
				CLANG_WARN_DEPRECATED_OBJC_IMPLEMENTATIONS = YES;
				CLANG_WARN_DIRECT_OBJC_ISA_USAGE = YES_ERROR;
				CLANG_WARN_DOCUMENTATION_COMMENTS = YES;
				CLANG_WARN_EMPTY_BODY = YES;
				CLANG_WARN_ENUM_CONVERSION = YES;
				CLANG_WARN_INFINITE_RECURSION = YES;
				CLANG_WARN_INT_CONVERSION = YES;
				CLANG_WARN_NON_LITERAL_NULL_CONVERSION = YES;
				CLANG_WARN_OBJC_IMPLICIT_RETAIN_SELF = YES;
				CLANG_WARN_OBJC_LITERAL_CONVERSION = YES;
				CLANG_WARN_OBJC_ROOT_CLASS = YES_ERROR;
				CLANG_WARN_QUOTED_INCLUDE_IN_FRAMEWORK_HEADER = YES;
				CLANG_WARN_RANGE_LOOP_ANALYSIS = YES;
				CLANG_WARN_STRICT_PROTOTYPES = YES;
				CLANG_WARN_SUSPICIOUS_MOVE = YES;
				CLANG_WARN_UNGUARDED_AVAILABILITY = YES_AGGRESSIVE;
				CLANG_WARN_UNREACHABLE_CODE = YES;
				CLANG_WARN__DUPLICATE_METHOD_MATCH = YES;
				COPY_PHASE_STRIP = NO;
				DEBUG_INFORMATION_FORMAT = "dwarf-with-dsym";
				ENABLE_NS_ASSERTIONS = NO;
				ENABLE_STRICT_OBJC_MSGSEND = YES;
				ENABLE_USER_SCRIPT_SANDBOXING = YES;
				GCC_C_LANGUAGE_STANDARD = gnu17;
				GCC_NO_COMMON_BLOCKS = YES;
				GCC_WARN_64_TO_32_BIT_CONVERSION = YES;
				GCC_WARN_ABOUT_RETURN_TYPE = YES_ERROR;
				GCC_WARN_UNDECLARED_SELECTOR = YES;
				GCC_WARN_UNINITIALIZED_AUTOS = YES_AGGRESSIVE;
				GCC_WARN_UNUSED_FUNCTION = YES;
				GCC_WARN_UNUSED_VARIABLE = YES;
				IPHONEOS_DEPLOYMENT_TARGET = 26.5;
				LOCALIZATION_PREFERS_STRING_CATALOGS = YES;
				MTL_ENABLE_DEBUG_INFO = NO;
				MTL_FAST_MATH = YES;
				SDKROOT = iphoneos;
				SWIFT_COMPILATION_MODE = wholemodule;
				VALIDATE_PRODUCT = YES;
			};
			name = Release;
		};
		D1B8518A2FEFF2F50083B34C /* Debug */ = {
			isa = XCBuildConfiguration;
			buildSettings = {
				ASSETCATALOG_COMPILER_APPICON_NAME = AppIcon;
				ASSETCATALOG_COMPILER_GLOBAL_ACCENT_COLOR_NAME = AccentColor;
				CODE_SIGN_STYLE = Automatic;
				CURRENT_PROJECT_VERSION = 1;
				DEVELOPMENT_TEAM = 635X95KVUL;
				ENABLE_PREVIEWS = YES;
				GENERATE_INFOPLIST_FILE = YES;
				INFOPLIST_FILE = WayTask/Info.plist;
				INFOPLIST_KEY_LSApplicationCategoryType = "";
				INFOPLIST_KEY_NFCReaderUsageDescription = "האפליקציה צריכה גישה לתמונות כדי לצרף תמונה לפריט.";
				INFOPLIST_KEY_NSCameraUsageDescription = "האפליקציה צריכה גישה למצלמה כדי לצלם ולזהות מוצרים.";
				INFOPLIST_KEY_NSLocationAlwaysAndWhenInUseUsageDescription = "האפליקציה צריכה גישה למיקום כדי לזהות כניסה לאזור מוגדר.";
				INFOPLIST_KEY_NSLocationWhenInUseUsageDescription = "האפליקציה צריכה גישה למיקום כדי לזהות כניסה לאזור מוגדר.";
				INFOPLIST_KEY_NSPhotoLibraryAddUsageDescription = "";
				INFOPLIST_KEY_NSPhotoLibraryUsageDescription = "האפליקציה צריכה גישה לתמונות כדי לבחור תמונה של מוצר.";
				INFOPLIST_KEY_UIApplicationSceneManifest_Generation = YES;
				INFOPLIST_KEY_UIApplicationSupportsIndirectInputEvents = YES;
				INFOPLIST_KEY_UILaunchScreen_Generation = YES;
				INFOPLIST_KEY_UISupportedInterfaceOrientations_iPad = "UIInterfaceOrientationPortrait UIInterfaceOrientationPortraitUpsideDown UIInterfaceOrientationLandscapeLeft UIInterfaceOrientationLandscapeRight";
				INFOPLIST_KEY_UISupportedInterfaceOrientations_iPhone = "UIInterfaceOrientationPortrait UIInterfaceOrientationLandscapeLeft UIInterfaceOrientationLandscapeRight";
				LD_RUNPATH_SEARCH_PATHS = (
					"$(inherited)",
					"@executable_path/Frameworks",
				);
				MARKETING_VERSION = 1.0;
				PRODUCT_BUNDLE_IDENTIFIER = h.WayTask;
				PRODUCT_NAME = "$(TARGET_NAME)";
				STRING_CATALOG_GENERATE_SYMBOLS = YES;
				SWIFT_APPROACHABLE_CONCURRENCY = YES;
				SWIFT_DEFAULT_ACTOR_ISOLATION = MainActor;
				SWIFT_EMIT_LOC_STRINGS = YES;
				SWIFT_UPCOMING_FEATURE_MEMBER_IMPORT_VISIBILITY = YES;
				SWIFT_VERSION = 5.0;
				TARGETED_DEVICE_FAMILY = "1,2";
			};
			name = Debug;
		};
		D1B8518B2FEFF2F50083B34C /* Release */ = {
			isa = XCBuildConfiguration;
			buildSettings = {
				ASSETCATALOG_COMPILER_APPICON_NAME = AppIcon;
				ASSETCATALOG_COMPILER_GLOBAL_ACCENT_COLOR_NAME = AccentColor;
				CODE_SIGN_STYLE = Automatic;
				CURRENT_PROJECT_VERSION = 1;
				DEVELOPMENT_TEAM = 635X95KVUL;
				ENABLE_PREVIEWS = YES;
				GENERATE_INFOPLIST_FILE = YES;
				INFOPLIST_FILE = WayTask/Info.plist;
				INFOPLIST_KEY_LSApplicationCategoryType = "";
				INFOPLIST_KEY_NFCReaderUsageDescription = "האפליקציה צריכה גישה לתמונות כדי לצרף תמונה לפריט.";
				INFOPLIST_KEY_NSCameraUsageDescription = "האפליקציה צריכה גישה למצלמה כדי לצלם ולזהות מוצרים.";
				INFOPLIST_KEY_NSLocationAlwaysAndWhenInUseUsageDescription = "האפליקציה צריכה גישה למיקום כדי לזהות כניסה לאזור מוגדר.";
				INFOPLIST_KEY_NSLocationWhenInUseUsageDescription = "האפליקציה צריכה גישה למיקום כדי לזהות כניסה לאזור מוגדר.";
				INFOPLIST_KEY_NSPhotoLibraryAddUsageDescription = "";
				INFOPLIST_KEY_NSPhotoLibraryUsageDescription = "האפליקציה צריכה גישה לתמונות כדי לבחור תמונה של מוצר.";
				INFOPLIST_KEY_UIApplicationSceneManifest_Generation = YES;
				INFOPLIST_KEY_UIApplicationSupportsIndirectInputEvents = YES;
				INFOPLIST_KEY_UILaunchScreen_Generation = YES;
				INFOPLIST_KEY_UISupportedInterfaceOrientations_iPad = "UIInterfaceOrientationPortrait UIInterfaceOrientationPortraitUpsideDown UIInterfaceOrientationLandscapeLeft UIInterfaceOrientationLandscapeRight";
				INFOPLIST_KEY_UISupportedInterfaceOrientations_iPhone = "UIInterfaceOrientationPortrait UIInterfaceOrientationLandscapeLeft UIInterfaceOrientationLandscapeRight";
				LD_RUNPATH_SEARCH_PATHS = (
					"$(inherited)",
					"@executable_path/Frameworks",
				);
				MARKETING_VERSION = 1.0;
				PRODUCT_BUNDLE_IDENTIFIER = h.WayTask;
				PRODUCT_NAME = "$(TARGET_NAME)";
				STRING_CATALOG_GENERATE_SYMBOLS = YES;
				SWIFT_APPROACHABLE_CONCURRENCY = YES;
				SWIFT_DEFAULT_ACTOR_ISOLATION = MainActor;
				SWIFT_EMIT_LOC_STRINGS = YES;
				SWIFT_UPCOMING_FEATURE_MEMBER_IMPORT_VISIBILITY = YES;
				SWIFT_VERSION = 5.0;
				TARGETED_DEVICE_FAMILY = "1,2";
			};
			name = Release;
		};
/* End XCBuildConfiguration section */

/* Begin XCConfigurationList section */
		D1B851792FEFF2F40083B34C /* Build configuration list for PBXProject "WayTask" */ = {
			isa = XCConfigurationList;
			buildConfigurations = (
				D1B851872FEFF2F50083B34C /* Debug */,
				D1B851882FEFF2F50083B34C /* Release */,
			);
			defaultConfigurationIsVisible = 0;
			defaultConfigurationName = Release;
		};
		D1B851892FEFF2F50083B34C /* Build configuration list for PBXNativeTarget "WayTask" */ = {
			isa = XCConfigurationList;
			buildConfigurations = (
				D1B8518A2FEFF2F50083B34C /* Debug */,
				D1B8518B2FEFF2F50083B34C /* Release */,
			);
			defaultConfigurationIsVisible = 0;
			defaultConfigurationName = Release;
		};
/* End XCConfigurationList section */
	};
	rootObject = D1B851762FEFF2F40083B34C /* Project object */;
}
